// !$*UTF8*$!
{
	archiveVersion = 1;
	classes = {
	};
	objectVersion = 56;
	objects = {

/* Begin PBXBuildFile section */
		E557709229D0DDA000EA8B6D /* UIButtonWithState.swift in Sources */ = {isa = PBXBuildFile; fileRef = E557709129D0DDA000EA8B6D /* UIButtonWithState.swift */; };
		E5EAECC529CB4EC100D34047 /* AppDelegate.swift in Sources */ = {isa = PBXBuildFile; fileRef = E5EAECC429CB4EC100D34047 /* AppDelegate.swift */; };
		E5EAECC729CB4EC100D34047 /* SceneDelegate.swift in Sources */ = {isa = PBXBuildFile; fileRef = E5EAECC629CB4EC100D34047 /* SceneDelegate.swift */; };
		E5EAECC929CB4EC100D34047 /* ViewController.swift in Sources */ = {isa = PBXBuildFile; fileRef = E5EAECC829CB4EC100D34047 /* ViewController.swift */; };
		E5EAECCC29CB4EC100D34047 /* Main.storyboard in Resources */ = {isa = PBXBuildFile; fileRef = E5EAECCA29CB4EC100D34047 /* Main.storyboard */; };
		E5EAECCF29CB4EC100D34047 /* Reverse_words.xcdatamodeld in Sources */ = {isa = PBXBuildFile; fileRef = E5EAECCD29CB4EC100D34047 /* Reverse_words.xcdatamodeld */; };
		E5EAECD129CB4EC200D34047 /* Assets.xcassets in Resources */ = {isa = PBXBuildFile; fileRef = E5EAECD029CB4EC200D34047 /* Assets.xcassets */; };
		E5EAECD429CB4EC200D34047 /* LaunchScreen.storyboard in Resources */ = {isa = PBXBuildFile; fileRef = E5EAECD229CB4EC200D34047 /* LaunchScreen.storyboard */; };
		E5EAECDF29CB59E600D34047 /* ReverseModel.swift in Sources */ = {isa = PBXBuildFile; fileRef = E5EAECDE29CB59E600D34047 /* ReverseModel.swift */; };
/* End PBXBuildFile section */

/* Begin PBXFileReference section */
		E557709129D0DDA000EA8B6D /* UIButtonWithState.swift */ = {isa = PBXFileReference; lastKnownFileType = sourcecode.swift; path = UIButtonWithState.swift; sourceTree = "<group>"; };
		E5EAECC129CB4EC100D34047 /* Reverse words.app */ = {isa = PBXFileReference; explicitFileType = wrapper.application; includeInIndex = 0; path = "Reverse words.app"; sourceTree = BUILT_PRODUCTS_DIR; };
		E5EAECC429CB4EC100D34047 /* AppDelegate.swift */ = {isa = PBXFileReference; lastKnownFileType = sourcecode.swift; path = AppDelegate.swift; sourceTree = "<group>"; };
		E5EAECC629CB4EC100D34047 /* SceneDelegate.swift */ = {isa = PBXFileReference; lastKnownFileType = sourcecode.swift; path = SceneDelegate.swift; sourceTree = "<group>"; };
		E5EAECC829CB4EC100D34047 /* ViewController.swift */ = {isa = PBXFileReference; lastKnownFileType = sourcecode.swift; path = ViewController.swift; sourceTree = "<group>"; };
		E5EAECCB29CB4EC100D34047 /* Base */ = {isa = PBXFileReference; lastKnownFileType = file.storyboard; name = Base; path = Base.lproj/Main.storyboard; sourceTree = "<group>"; };
		E5EAECCE29CB4EC100D34047 /* Reverse_words.xcdatamodel */ = {isa = PBXFileReference; lastKnownFileType = wrapper.xcdatamodel; path = Reverse_words.xcdatamodel; sourceTree = "<group>"; };
		E5EAECD029CB4EC200D34047 /* Assets.xcassets */ = {isa = PBXFileReference; lastKnownFileType = folder.assetcatalog; path = Assets.xcassets; sourceTree = "<group>"; };
		E5EAECD329CB4EC200D34047 /* Base */ = {isa = PBXFileReference; lastKnownFileType = file.storyboard; name = Base; path = Base.lproj/LaunchScreen.storyboard; sourceTree = "<group>"; };
		E5EAECD529CB4EC200D34047 /* Info.plist */ = {isa = PBXFileReference; lastKnownFileType = text.plist.xml; path = Info.plist; sourceTree = "<group>"; };
		E5EAECDE29CB59E600D34047 /* ReverseModel.swift */ = {isa = PBXFileReference; lastKnownFileType = sourcecode.swift; path = ReverseModel.swift; sourceTree = "<group>"; };
/* End PBXFileReference section */

/* Begin PBXFrameworksBuildPhase section */
		E5EAECBE29CB4EC100D34047 /* Frameworks */ = {
			isa = PBXFrameworksBuildPhase;
			buildActionMask = 2147483647;
			files = (
			);
			runOnlyForDeploymentPostprocessing = 0;
		};
/* End PBXFrameworksBuildPhase section */

/* Begin PBXGroup section */
		E5EAECB829CB4EC100D34047 = {
			isa = PBXGroup;
			children = (
				E5EAECC329CB4EC100D34047 /* Reverse words */,
				E5EAECC229CB4EC100D34047 /* Products */,
			);
			sourceTree = "<group>";
		};
		E5EAECC229CB4EC100D34047 /* Products */ = {
			isa = PBXGroup;
			children = (
				E5EAECC129CB4EC100D34047 /* Reverse words.app */,
			);
			name = Products;
			sourceTree = "<group>";
		};
		E5EAECC329CB4EC100D34047 /* Reverse words */ = {
			isa = PBXGroup;
			children = (
				E5EAECC429CB4EC100D34047 /* AppDelegate.swift */,
				E5EAECC629CB4EC100D34047 /* SceneDelegate.swift */,
				E5EAECDC29CB4FD500D34047 /* Model */,
				E5EAECDB29CB4F7500D34047 /* View */,
				E5EAECDD29CB4FEC00D34047 /* Controller */,
				E5EAECD229CB4EC200D34047 /* LaunchScreen.storyboard */,
				E5EAECD029CB4EC200D34047 /* Assets.xcassets */,
				E5EAECD529CB4EC200D34047 /* Info.plist */,
				E5EAECCD29CB4EC100D34047 /* Reverse_words.xcdatamodeld */,
			);
			path = "Reverse words";
			sourceTree = "<group>";
		};
		E5EAECDB29CB4F7500D34047 /* View */ = {
			isa = PBXGroup;
			children = (
				E5EAECCA29CB4EC100D34047 /* Main.storyboard */,
			);
			path = View;
			sourceTree = "<group>";
		};
		E5EAECDC29CB4FD500D34047 /* Model */ = {
			isa = PBXGroup;
			children = (
				E5EAECDE29CB59E600D34047 /* ReverseModel.swift */,
			);
			path = Model;
			sourceTree = "<group>";
		};
		E5EAECDD29CB4FEC00D34047 /* Controller */ = {
			isa = PBXGroup;
			children = (
				E5EAECC829CB4EC100D34047 /* ViewController.swift */,
				E557709129D0DDA000EA8B6D /* UIButtonWithState.swift */,
			);
			path = Controller;
			sourceTree = "<group>";
		};
/* End PBXGroup section */

/* Begin PBXNativeTarget section */
		E5EAECC029CB4EC100D34047 /* Reverse words */ = {
			isa = PBXNativeTarget;
			buildConfigurationList = E5EAECD829CB4EC200D34047 /* Build configuration list for PBXNativeTarget "Reverse words" */;
			buildPhases = (
				E5EAECBD29CB4EC100D34047 /* Sources */,
				E5EAECBE29CB4EC100D34047 /* Frameworks */,
				E5EAECBF29CB4EC100D34047 /* Resources */,
				E5053A8229D1AEB2007B3D6C /* ShellScript */,
			);
			buildRules = (
			);
			dependencies = (
			);
			name = "Reverse words";
			productName = "Reverse words";
			productReference = E5EAECC129CB4EC100D34047 /* Reverse words.app */;
			productType = "com.apple.product-type.application";
		};
/* End PBXNativeTarget section */

/* Begin PBXProject section */
		E5EAECB929CB4EC100D34047 /* Project object */ = {
			isa = PBXProject;
			attributes = {
				BuildIndependentTargetsInParallel = 1;
				LastSwiftUpdateCheck = 1420;
				LastUpgradeCheck = 1420;
				TargetAttributes = {
					E5EAECC029CB4EC100D34047 = {
						CreatedOnToolsVersion = 14.2;
					};
				};
			};
			buildConfigurationList = E5EAECBC29CB4EC100D34047 /* Build configuration list for PBXProject "Reverse words" */;
			compatibilityVersion = "Xcode 14.0";
			developmentRegion = en;
			hasScannedForEncodings = 0;
			knownRegions = (
				en,
				Base,
			);
			mainGroup = E5EAECB829CB4EC100D34047;
			productRefGroup = E5EAECC229CB4EC100D34047 /* Products */;
			projectDirPath = "";
			projectRoot = "";
			targets = (
				E5EAECC029CB4EC100D34047 /* Reverse words */,
			);
		};
/* End PBXProject section */

/* Begin PBXResourcesBuildPhase section */
		E5EAECBF29CB4EC100D34047 /* Resources */ = {
			isa = PBXResourcesBuildPhase;
			buildActionMask = 2147483647;
			files = (
				E5EAECD429CB4EC200D34047 /* LaunchScreen.storyboard in Resources */,
				E5EAECD129CB4EC200D34047 /* Assets.xcassets in Resources */,
				E5EAECCC29CB4EC100D34047 /* Main.storyboard in Resources */,
			);
			runOnlyForDeploymentPostprocessing = 0;
		};
/* End PBXResourcesBuildPhase section */

/* Begin PBXShellScriptBuildPhase section */
		E5053A8229D1AEB2007B3D6C /* ShellScript */ = {
			isa = PBXShellScriptBuildPhase;
			buildActionMask = 2147483647;
			files = (
			);
			inputFileListPaths = (
			);
			inputPaths = (
			);
			outputFileListPaths = (
			);
			outputPaths = (
			);
			runOnlyForDeploymentPostprocessing = 0;
			shellPath = /bin/sh;
			shellScript = "export PATH=\"$PATH:/opt/homebrew/bin\"\nif which swiftlint > /dev/null; then\n  swiftlint\nelse\n  echo \"warning: SwiftLint not installed, download from https://github.com/realm/SwiftLint\"\nfi\n";
		};
/* End PBXShellScriptBuildPhase section */

/* Begin PBXSourcesBuildPhase section */
		E5EAECBD29CB4EC100D34047 /* Sources */ = {
			isa = PBXSourcesBuildPhase;
			buildActionMask = 2147483647;
			files = (
				E5EAECCF29CB4EC100D34047 /* Reverse_words.xcdatamodeld in Sources */,
				E557709229D0DDA000EA8B6D /* UIButtonWithState.swift in Sources */,
				E5EAECC929CB4EC100D34047 /* ViewController.swift in Sources */,
				E5EAECC529CB4EC100D34047 /* AppDelegate.swift in Sources */,
				E5EAECDF29CB59E600D34047 /* ReverseModel.swift in Sources */,
				E5EAECC729CB4EC100D34047 /* SceneDelegate.swift in Sources */,
			);
			runOnlyForDeploymentPostprocessing = 0;
		};
/* End PBXSourcesBuildPhase section */

/* Begin PBXVariantGroup section */
		E5EAECCA29CB4EC100D34047 /* Main.storyboard */ = {
			isa = PBXVariantGroup;
			children = (
				E5EAECCB29CB4EC100D34047 /* Base */,
			);
			name = Main.storyboard;
			sourceTree = "<group>";
		};
		E5EAECD229CB4EC200D34047 /* LaunchScreen.storyboard */ = {
			isa = PBXVariantGroup;
			children = (
				E5EAECD329CB4EC200D34047 /* Base */,
			);
			name = LaunchScreen.storyboard;
			sourceTree = "<group>";
		};
/* End PBXVariantGroup section */

/* Begin XCBuildConfiguration section */
		E5EAECD629CB4EC200D34047 /* Debug */ = {
			isa = XCBuildConfiguration;
			buildSettings = {
				ALWAYS_SEARCH_USER_PATHS = NO;
				CLANG_ANALYZER_NONNULL = YES;
				CLANG_ANALYZER_NUMBER_OBJECT_CONVERSION = YES_AGGRESSIVE;
				CLANG_CXX_LANGUAGE_STANDARD = "gnu++20";
				CLANG_ENABLE_MODULES = YES;
				CLANG_ENABLE_OBJC_ARC = YES;
				CLANG_ENABLE_OBJC_WEAK = YES;
				CLANG_WARN_BLOCK_CAPTURE_AUTORELEASING = YES;
				CLANG_WARN_BOOL_CONVERSION = YES;
				CLANG_WARN_COMMA = YES;
				CLANG_WARN_CONSTANT_CONVERSION = YES;
				CLANG_WARN_DEPRECATED_OBJC_IMPLEMENTATIONS = YES;
				CLANG_WARN_DIRECT_OBJC_ISA_USAGE = YES_ERROR;
				CLANG_WARN_DOCUMENTATION_COMMENTS = YES;
				CLANG_WARN_EMPTY_BODY = YES;
				CLANG_WARN_ENUM_CONVERSION = YES;
				CLANG_WARN_INFINITE_RECURSION = YES;
				CLANG_WARN_INT_CONVERSION = YES;
				CLANG_WARN_NON_LITERAL_NULL_CONVERSION = YES;
				CLANG_WARN_OBJC_IMPLICIT_RETAIN_SELF = YES;
				CLANG_WARN_OBJC_LITERAL_CONVERSION = YES;
				CLANG_WARN_OBJC_ROOT_CLASS = YES_ERROR;
				CLANG_WARN_QUOTED_INCLUDE_IN_FRAMEWORK_HEADER = YES;
				CLANG_WARN_RANGE_LOOP_ANALYSIS = YES;
				CLANG_WARN_STRICT_PROTOTYPES = YES;
				CLANG_WARN_SUSPICIOUS_MOVE = YES;
				CLANG_WARN_UNGUARDED_AVAILABILITY = YES_AGGRESSIVE;
				CLANG_WARN_UNREACHABLE_CODE = YES;
				CLANG_WARN__DUPLICATE_METHOD_MATCH = YES;
				COPY_PHASE_STRIP = NO;
				DEBUG_INFORMATION_FORMAT = dwarf;
				ENABLE_STRICT_OBJC_MSGSEND = YES;
				ENABLE_TESTABILITY = YES;
				GCC_C_LANGUAGE_STANDARD = gnu11;
				GCC_DYNAMIC_NO_PIC = NO;
				GCC_NO_COMMON_BLOCKS = YES;
				GCC_OPTIMIZATION_LEVEL = 0;
				GCC_PREPROCESSOR_DEFINITIONS = (
					"DEBUG=1",
					"$(inherited)",
				);
				GCC_WARN_64_TO_32_BIT_CONVERSION = YES;
				GCC_WARN_ABOUT_RETURN_TYPE = YES_ERROR;
				GCC_WARN_UNDECLARED_SELECTOR = YES;
				GCC_WARN_UNINITIALIZED_AUTOS = YES_AGGRESSIVE;
				GCC_WARN_UNUSED_FUNCTION = YES;
				GCC_WARN_UNUSED_VARIABLE = YES;
				IPHONEOS_DEPLOYMENT_TARGET = 16.2;
				MTL_ENABLE_DEBUG_INFO = INCLUDE_SOURCE;
				MTL_FAST_MATH = YES;
				ONLY_ACTIVE_ARCH = YES;
				SDKROOT = iphoneos;
				SWIFT_ACTIVE_COMPILATION_CONDITIONS = DEBUG;
				SWIFT_OPTIMIZATION_LEVEL = "-Onone";
			};
			name = Debug;
		};
		E5EAECD729CB4EC200D34047 /* Release */ = {
			isa = XCBuildConfiguration;
			buildSettings = {
				ALWAYS_SEARCH_USER_PATHS = NO;
				CLANG_ANALYZER_NONNULL = YES;
				CLANG_ANALYZER_NUMBER_OBJECT_CONVERSION = YES_AGGRESSIVE;
				CLANG_CXX_LANGUAGE_STANDARD = "gnu++20";
				CLANG_ENABLE_MODULES = YES;
				CLANG_ENABLE_OBJC_ARC = YES;
				CLANG_ENABLE_OBJC_WEAK = YES;
				CLANG_WARN_BLOCK_CAPTURE_AUTORELEASING = YES;
				CLANG_WARN_BOOL_CONVERSION = YES;
				CLANG_WARN_COMMA = YES;
				CLANG_WARN_CONSTANT_CONVERSION = YES;
				CLANG_WARN_DEPRECATED_OBJC_IMPLEMENTATIONS = YES;
				CLANG_WARN_DIRECT_OBJC_ISA_USAGE = YES_ERROR;
				CLANG_WARN_DOCUMENTATION_COMMENTS = YES;
				CLANG_WARN_EMPTY_BODY = YES;
				CLANG_WARN_ENUM_CONVERSION = YES;
				CLANG_WARN_INFINITE_RECURSION = YES;
				CLANG_WARN_INT_CONVERSION = YES;
				CLANG_WARN_NON_LITERAL_NULL_CONVERSION = YES;
				CLANG_WARN_OBJC_IMPLICIT_RETAIN_SELF = YES;
				CLANG_WARN_OBJC_LITERAL_CONVERSION = YES;
				CLANG_WARN_OBJC_ROOT_CLASS = YES_ERROR;
				CLANG_WARN_QUOTED_INCLUDE_IN_FRAMEWORK_HEADER = YES;
				CLANG_WARN_RANGE_LOOP_ANALYSIS = YES;
				CLANG_WARN_STRICT_PROTOTYPES = YES;
				CLANG_WARN_SUSPICIOUS_MOVE = YES;
				CLANG_WARN_UNGUARDED_AVAILABILITY = YES_AGGRESSIVE;
				CLANG_WARN_UNREACHABLE_CODE = YES;
				CLANG_WARN__DUPLICATE_METHOD_MATCH = YES;
				COPY_PHASE_STRIP = NO;
				DEBUG_INFORMATION_FORMAT = "dwarf-with-dsym";
				ENABLE_NS_ASSERTIONS = NO;
				ENABLE_STRICT_OBJC_MSGSEND = YES;
				GCC_C_LANGUAGE_STANDARD = gnu11;
				GCC_NO_COMMON_BLOCKS = YES;
				GCC_WARN_64_TO_32_BIT_CONVERSION = YES;
				GCC_WARN_ABOUT_RETURN_TYPE = YES_ERROR;
				GCC_WARN_UNDECLARED_SELECTOR = YES;
				GCC_WARN_UNINITIALIZED_AUTOS = YES_AGGRESSIVE;
				GCC_WARN_UNUSED_FUNCTION = YES;
				GCC_WARN_UNUSED_VARIABLE = YES;
				IPHONEOS_DEPLOYMENT_TARGET = 16.2;
				MTL_ENABLE_DEBUG_INFO = NO;
				MTL_FAST_MATH = YES;
				SDKROOT = iphoneos;
				SWIFT_COMPILATION_MODE = wholemodule;
				SWIFT_OPTIMIZATION_LEVEL = "-O";
				VALIDATE_PRODUCT = YES;
			};
			name = Release;
		};
		E5EAECD929CB4EC200D34047 /* Debug */ = {
			isa = XCBuildConfiguration;
			buildSettings = {
				ASSETCATALOG_COMPILER_APPICON_NAME = AppIcon;
				ASSETCATALOG_COMPILER_GLOBAL_ACCENT_COLOR_NAME = AccentColor;
				CODE_SIGN_STYLE = Automatic;
				CURRENT_PROJECT_VERSION = 1;
				DEVELOPMENT_TEAM = GJVZ3R5TMH;
				GENERATE_INFOPLIST_FILE = YES;
				INFOPLIST_FILE = "Reverse words/Info.plist";
				INFOPLIST_KEY_UIApplicationSupportsIndirectInputEvents = YES;
				INFOPLIST_KEY_UILaunchStoryboardName = LaunchScreen;
				INFOPLIST_KEY_UIMainStoryboardFile = Main;
				INFOPLIST_KEY_UISupportedInterfaceOrientations_iPad = "UIInterfaceOrientationPortrait UIInterfaceOrientationPortraitUpsideDown UIInterfaceOrientationLandscapeLeft UIInterfaceOrientationLandscapeRight";
				INFOPLIST_KEY_UISupportedInterfaceOrientations_iPhone = "UIInterfaceOrientationPortrait UIInterfaceOrientationLandscapeLeft UIInterfaceOrientationLandscapeRight";
				IPHONEOS_DEPLOYMENT_TARGET = 15.0;
				LD_RUNPATH_SEARCH_PATHS = (
					"$(inherited)",
					"@executable_path/Frameworks",
				);
				MARKETING_VERSION = 1.0;
				PRODUCT_BUNDLE_IDENTIFIER = "ios.stanislav.Reverse-words";
				PRODUCT_NAME = "$(TARGET_NAME)";
				SWIFT_EMIT_LOC_STRINGS = YES;
				SWIFT_VERSION = 5.0;
				TARGETED_DEVICE_FAMILY = "1,2";
			};
			name = Debug;
		};
		E5EAECDA29CB4EC200D34047 /* Release */ = {
			isa = XCBuildConfiguration;
			buildSettings = {
				ASSETCATALOG_COMPILER_APPICON_NAME = AppIcon;
				ASSETCATALOG_COMPILER_GLOBAL_ACCENT_COLOR_NAME = AccentColor;
				CODE_SIGN_STYLE = Automatic;
				CURRENT_PROJECT_VERSION = 1;
				DEVELOPMENT_TEAM = GJVZ3R5TMH;
				GENERATE_INFOPLIST_FILE = YES;
				INFOPLIST_FILE = "Reverse words/Info.plist";
				INFOPLIST_KEY_UIApplicationSupportsIndirectInputEvents = YES;
				INFOPLIST_KEY_UILaunchStoryboardName = LaunchScreen;
				INFOPLIST_KEY_UIMainStoryboardFile = Main;
				INFOPLIST_KEY_UISupportedInterfaceOrientations_iPad = "UIInterfaceOrientationPortrait UIInterfaceOrientationPortraitUpsideDown UIInterfaceOrientationLandscapeLeft UIInterfaceOrientationLandscapeRight";
				INFOPLIST_KEY_UISupportedInterfaceOrientations_iPhone = "UIInterfaceOrientationPortrait UIInterfaceOrientationLandscapeLeft UIInterfaceOrientationLandscapeRight";
				IPHONEOS_DEPLOYMENT_TARGET = 15.0;
				LD_RUNPATH_SEARCH_PATHS = (
					"$(inherited)",
					"@executable_path/Frameworks",
				);
				MARKETING_VERSION = 1.0;
				PRODUCT_BUNDLE_IDENTIFIER = "ios.stanislav.Reverse-words";
				PRODUCT_NAME = "$(TARGET_NAME)";
				SWIFT_EMIT_LOC_STRINGS = YES;
				SWIFT_VERSION = 5.0;
				TARGETED_DEVICE_FAMILY = "1,2";
			};
			name = Release;
		};
/* End XCBuildConfiguration section */

/* Begin XCConfigurationList section */
		E5EAECBC29CB4EC100D34047 /* Build configuration list for PBXProject "Reverse words" */ = {
			isa = XCConfigurationList;
			buildConfigurations = (
				E5EAECD629CB4EC200D34047 /* Debug */,
				E5EAECD729CB4EC200D34047 /* Release */,
			);
			defaultConfigurationIsVisible = 0;
			defaultConfigurationName = Release;
		};
		E5EAECD829CB4EC200D34047 /* Build configuration list for PBXNativeTarget "Reverse words" */ = {
			isa = XCConfigurationList;
			buildConfigurations = (
				E5EAECD929CB4EC200D34047 /* Debug */,
				E5EAECDA29CB4EC200D34047 /* Release */,
			);
			defaultConfigurationIsVisible = 0;
			defaultConfigurationName = Release;
		};
/* End XCConfigurationList section */

/* Begin XCVersionGroup section */
		E5EAECCD29CB4EC100D34047 /* Reverse_words.xcdatamodeld */ = {
			isa = XCVersionGroup;
			children = (
				E5EAECCE29CB4EC100D34047 /* Reverse_words.xcdatamodel */,
			);
			currentVersion = E5EAECCE29CB4EC100D34047 /* Reverse_words.xcdatamodel */;
			path = Reverse_words.xcdatamodeld;
			sourceTree = "<group>";
			versionGroupType = wrapper.xcdatamodel;
		};
/* End XCVersionGroup section */
	};
	rootObject = E5EAECB929CB4EC100D34047 /* Project object */;
}
